
Microsoft Visual Studio Solution File, Format Version 12.00
# Visual Studio Version 17
VisualStudioVersion = 17.9.34616.47
MinimumVisualStudioVersion = 10.0.40219.1
Project("{FAE04EC0-301F-11D3-BF4B-00C04F79EFBC}") = "MachineCalculator", "MachineCalculator.csproj", "{7264BF5E-06BB-4725-B72D-3FAE58C00C32}"
EndProject
Project("{FAE04EC0-301F-11D3-BF4B-00C04F79EFBC}") = "MachineCalculatorTests", "..\MachineCalculatorTests\MachineCalculatorTests.csproj", "{43762866-8498-4AC5-A2B8-FACEA588F7A0}"
EndProject
Global
	GlobalSection(SolutionConfigurationPlatforms) = preSolution
		Debug|Any CPU = Debug|Any CPU
		Release|Any CPU = Release|Any CPU
	EndGlobalSection
	GlobalSection(ProjectConfigurationPlatforms) = postSolution
		{7264BF5E-06BB-4725-B72D-3FAE58C00C32}.Debug|Any CPU.ActiveCfg = Debug|Any CPU
		{7264BF5E-06BB-4725-B72D-3FAE58C00C32}.Debug|Any CPU.Build.0 = Debug|Any CPU
		{7264BF5E-06BB-4725-B72D-3FAE58C00C32}.Release|Any CPU.ActiveCfg = Release|Any CPU
		{7264BF5E-06BB-4725-B72D-3FAE58C00C32}.Release|Any CPU.Build.0 = Release|Any CPU
		{43762866-8498-4AC5-A2B8-FACEA588F7A0}.Debug|Any CPU.ActiveCfg = Debug|Any CPU
		{43762866-8498-4AC5-A2B8-FACEA588F7A0}.Debug|Any CPU.Build.0 = Debug|Any CPU
		{43762866-8498-4AC5-A2B8-FACEA588F7A0}.Release|Any CPU.ActiveCfg = Release|Any CPU
		{43762866-8498-4AC5-A2B8-FACEA588F7A0}.Release|Any CPU.Build.0 = Release|Any CPU
	EndGlobalSection
	GlobalSection(SolutionProperties) = preSolution
		HideSolutionNode = FALSE
	EndGlobalSection
	GlobalSection(ExtensibilityGlobals) = postSolution
		SolutionGuid = {DA413B0C-DFB8-4000-B88C-DA6D8790B731}
	EndGlobalSection
EndGlobal
